
Microsoft Visual Studio Solution File, Format Version 12.00
# Visual Studio Version 16
VisualStudioVersion = 16.0.28803.452
MinimumVisualStudioVersion = 10.0.40219.1
Project("{FAE04EC0-301F-11D3-BF4B-00C04F79EFBC}") = "SolidEdge Macro", "SolidEdge Macro\SolidEdge Macro.csproj", "{3E678A94-8A33-4F04-B425-E0F5AC99AEB2}"
EndProject
Global
	GlobalSection(SolutionConfigurationPlatforms) = preSolution
		Debug|Any CPU = Debug|Any CPU
		Release|Any CPU = Release|Any CPU
	EndGlobalSection
	GlobalSection(ProjectConfigurationPlatforms) = postSolution
		{3E678A94-8A33-4F04-B425-E0F5AC99AEB2}.Debug|Any CPU.ActiveCfg = Debug|Any CPU
		{3E678A94-8A33-4F04-B425-E0F5AC99AEB2}.Debug|Any CPU.Build.0 = Debug|Any CPU
		{3E678A94-8A33-4F04-B425-E0F5AC99AEB2}.Release|Any CPU.ActiveCfg = Release|Any CPU
		{3E678A94-8A33-4F04-B425-E0F5AC99AEB2}.Release|Any CPU.Build.0 = Release|Any CPU
	EndGlobalSection
	GlobalSection(SolutionProperties) = preSolution
		HideSolutionNode = FALSE
	EndGlobalSection
	GlobalSection(ExtensibilityGlobals) = postSolution
		SolutionGuid = {2521FE58-4219-4785-BFBA-0457B11B57A6}
	EndGlobalSection
EndGlobal
